
Microsoft Visual Studio Solution File, Format Version 12.00
# Visual Studio Version 17
VisualStudioVersion = 17.0.31903.59
MinimumVisualStudioVersion = 10.0.40219.1
Project("{2150E333-8FDC-42A3-9474-1A3956D46DE8}") = "src", "src", "{D1327A31-FCA9-4EC2-9B13-6E376F36AE50}"
EndProject
Project("{FAE04EC0-301F-11D3-BF4B-00C04F79EFBC}") = "DmarcAnalyzer.Core", "src\DmarcAnalyzer.Core\DmarcAnalyzer.Core.csproj", "{143048E3-BB24-44D5-BC97-0ED7AB2F460F}"
EndProject
Project("{FAE04EC0-301F-11D3-BF4B-00C04F79EFBC}") = "DmarcAnalyzer.Infrastructure", "src\DmarcAnalyzer.Infrastructure\DmarcAnalyzer.Infrastructure.csproj", "{56E02815-9511-4A7A-AD79-F6E117CFBED9}"
EndProject
Project("{FAE04EC0-301F-11D3-BF4B-00C04F79EFBC}") = "DmarcAnalyzer.Web", "src\DmarcAnalyzer.Web\DmarcAnalyzer.Web.csproj", "{7411DA54-BF3E-4E90-888D-A82F2825CC73}"
EndProject
Project("{2150E333-8FDC-42A3-9474-1A3956D46DE8}") = "tests", "tests", "{9E32B69E-F4A2-4166-ACC6-A48019D39FC8}"
EndProject
Project("{FAE04EC0-301F-11D3-BF4B-00C04F79EFBC}") = "DmarcAnalyzer.Tests", "tests\DmarcAnalyzer.Tests\DmarcAnalyzer.Tests.csproj", "{A4B946A5-05E2-4570-AC04-19FC1807A8A9}"
EndProject
Project("{2150E333-8FDC-42A3-9474-1A3956D46DE8}") = "tools", "tools", "{FAB20847-F7D3-4EDE-8045-03A30DE56361}"
EndProject
Project("{FAE04EC0-301F-11D3-BF4B-00C04F79EFBC}") = "GrantSqlAccess", "tools\GrantSqlAccess\GrantSqlAccess.csproj", "{C540EEED-9DD5-4850-879D-8D7D09C23A91}"
EndProject
Global
	GlobalSection(SolutionConfigurationPlatforms) = preSolution
		Debug|Any CPU = Debug|Any CPU
		Release|Any CPU = Release|Any CPU
	EndGlobalSection
	GlobalSection(SolutionProperties) = preSolution
		HideSolutionNode = FALSE
	EndGlobalSection
	GlobalSection(ProjectConfigurationPlatforms) = postSolution
		{143048E3-BB24-44D5-BC97-0ED7AB2F460F}.Debug|Any CPU.ActiveCfg = Debug|Any CPU
		{143048E3-BB24-44D5-BC97-0ED7AB2F460F}.Debug|Any CPU.Build.0 = Debug|Any CPU
		{143048E3-BB24-44D5-BC97-0ED7AB2F460F}.Release|Any CPU.ActiveCfg = Release|Any CPU
		{143048E3-BB24-44D5-BC97-0ED7AB2F460F}.Release|Any CPU.Build.0 = Release|Any CPU
		{56E02815-9511-4A7A-AD79-F6E117CFBED9}.Debug|Any CPU.ActiveCfg = Debug|Any CPU
		{56E02815-9511-4A7A-AD79-F6E117CFBED9}.Debug|Any CPU.Build.0 = Debug|Any CPU
		{56E02815-9511-4A7A-AD79-F6E117CFBED9}.Release|Any CPU.ActiveCfg = Release|Any CPU
		{56E02815-9511-4A7A-AD79-F6E117CFBED9}.Release|Any CPU.Build.0 = Release|Any CPU
		{7411DA54-BF3E-4E90-888D-A82F2825CC73}.Debug|Any CPU.ActiveCfg = Debug|Any CPU
		{7411DA54-BF3E-4E90-888D-A82F2825CC73}.Debug|Any CPU.Build.0 = Debug|Any CPU
		{7411DA54-BF3E-4E90-888D-A82F2825CC73}.Release|Any CPU.ActiveCfg = Release|Any CPU
		{7411DA54-BF3E-4E90-888D-A82F2825CC73}.Release|Any CPU.Build.0 = Release|Any CPU
		{A4B946A5-05E2-4570-AC04-19FC1807A8A9}.Debug|Any CPU.ActiveCfg = Debug|Any CPU
		{A4B946A5-05E2-4570-AC04-19FC1807A8A9}.Debug|Any CPU.Build.0 = Debug|Any CPU
		{A4B946A5-05E2-4570-AC04-19FC1807A8A9}.Release|Any CPU.ActiveCfg = Release|Any CPU
		{A4B946A5-05E2-4570-AC04-19FC1807A8A9}.Release|Any CPU.Build.0 = Release|Any CPU
		{C540EEED-9DD5-4850-879D-8D7D09C23A91}.Debug|Any CPU.ActiveCfg = Debug|Any CPU
		{C540EEED-9DD5-4850-879D-8D7D09C23A91}.Debug|Any CPU.Build.0 = Debug|Any CPU
		{C540EEED-9DD5-4850-879D-8D7D09C23A91}.Release|Any CPU.ActiveCfg = Release|Any CPU
		{C540EEED-9DD5-4850-879D-8D7D09C23A91}.Release|Any CPU.Build.0 = Release|Any CPU
	EndGlobalSection
	GlobalSection(NestedProjects) = preSolution
		{143048E3-BB24-44D5-BC97-0ED7AB2F460F} = {D1327A31-FCA9-4EC2-9B13-6E376F36AE50}
		{56E02815-9511-4A7A-AD79-F6E117CFBED9} = {D1327A31-FCA9-4EC2-9B13-6E376F36AE50}
		{7411DA54-BF3E-4E90-888D-A82F2825CC73} = {D1327A31-FCA9-4EC2-9B13-6E376F36AE50}
		{A4B946A5-05E2-4570-AC04-19FC1807A8A9} = {9E32B69E-F4A2-4166-ACC6-A48019D39FC8}
		{C540EEED-9DD5-4850-879D-8D7D09C23A91} = {FAB20847-F7D3-4EDE-8045-03A30DE56361}
	EndGlobalSection
EndGlobal
